
Microsoft Visual Studio Solution File, Format Version 12.00
# Visual Studio Version 17
VisualStudioVersion = 17.6.33829.357
MinimumVisualStudioVersion = 10.0.40219.1
Project("{FAE04EC0-301F-11D3-BF4B-00C04F79EFBC}") = "WebApplication1", "WebApplication1\WebApplication1.csproj", "{F04D79E2-42AD-4557-902E-54F18A154D1C}"
EndProject
Global
	GlobalSection(SolutionConfigurationPlatforms) = preSolution
		Debug|Any CPU = Debug|Any CPU
		Release|Any CPU = Release|Any CPU
	EndGlobalSection
	GlobalSection(ProjectConfigurationPlatforms) = postSolution
		{F04D79E2-42AD-4557-902E-54F18A154D1C}.Debug|Any CPU.ActiveCfg = Debug|Any CPU
		{F04D79E2-42AD-4557-902E-54F18A154D1C}.Debug|Any CPU.Build.0 = Debug|Any CPU
		{F04D79E2-42AD-4557-902E-54F18A154D1C}.Release|Any CPU.ActiveCfg = Release|Any CPU
		{F04D79E2-42AD-4557-902E-54F18A154D1C}.Release|Any CPU.Build.0 = Release|Any CPU
	EndGlobalSection
	GlobalSection(SolutionProperties) = preSolution
		HideSolutionNode = FALSE
	EndGlobalSection
	GlobalSection(ExtensibilityGlobals) = postSolution
		SolutionGuid = {887792EA-595D-4ACC-B223-8142DEAAF19F}
	EndGlobalSection
EndGlobal
